# This file is automatically @generated by Poetry V1 every time you add or remove a dependency
# or when you run `poetry update`.
#
#   $ poetry update

# Hash of the pyproject.toml file that generated this lock file
content-hash = "0000000000000000000000000000000000000000000000000000000000000000"

[[package]]
name = "example-package"
version = "1.0.0"
description = "This is an example package that does nothing."
category = "main"
optional = false
python-versions = "*"

[metadata]
# Content hash of the lock file itself
content-hash = "0000000000000000000000000000000000000000000000000000000000000000"
# List of build system requirements for the current project
build-system-requires = ["poetry-core>=1.0.0"]
# List of direct dependencies for the current project
dependencies = []

# This section is optional and can be used to specify additional metadata
# such as the Python version used to generate the lock file.
[metadata.files]
example-package = []
